{
  "name": "fixture-lock-v1-bad",
  "version": "1.0.0",
  "lockfileVersion": 1,
  "dependencies": {
    "placeholder": {
      "version": "~1.0.0",
      "resolved": "https://registry.npmjs.org/placeholder/-/placeholder-1.0.0.tgz",
      "integrity": "sha512-placeholder-not-a-real-hash=="
    }
  }
}
